
Microsoft Visual Studio Solution File, Format Version 12.00
Project("{FAE04EC0-301F-11D3-BF4B-00C04F79EFBC}") = "WebAPI-SprintAPI-Escola", "WebAPI-SprintAPI-Escola\WebAPI-SprintAPI-Escola.csproj", "{A261CE1A-6D28-4A9D-BC20-26AB7D94E9D6}"
EndProject
Global
	GlobalSection(SolutionConfigurationPlatforms) = preSolution
		Debug|Any CPU = Debug|Any CPU
		Release|Any CPU = Release|Any CPU
	EndGlobalSection
	GlobalSection(ProjectConfigurationPlatforms) = postSolution
		{A261CE1A-6D28-4A9D-BC20-26AB7D94E9D6}.Debug|Any CPU.ActiveCfg = Debug|Any CPU
		{A261CE1A-6D28-4A9D-BC20-26AB7D94E9D6}.Debug|Any CPU.Build.0 = Debug|Any CPU
		{A261CE1A-6D28-4A9D-BC20-26AB7D94E9D6}.Release|Any CPU.ActiveCfg = Release|Any CPU
		{A261CE1A-6D28-4A9D-BC20-26AB7D94E9D6}.Release|Any CPU.Build.0 = Release|Any CPU
	EndGlobalSection
EndGlobal
