
Microsoft Visual Studio Solution File, Format Version 12.00
Project("{FAE04EC0-301F-11D3-BF4B-00C04F79EFBC}") = "Livro", "Livro\Livro.csproj", "{0CC210E6-480B-43B5-8793-9778A9E03F88}"
EndProject
Global
	GlobalSection(SolutionConfigurationPlatforms) = preSolution
		Debug|Any CPU = Debug|Any CPU
		Release|Any CPU = Release|Any CPU
	EndGlobalSection
	GlobalSection(ProjectConfigurationPlatforms) = postSolution
		{0CC210E6-480B-43B5-8793-9778A9E03F88}.Debug|Any CPU.ActiveCfg = Debug|Any CPU
		{0CC210E6-480B-43B5-8793-9778A9E03F88}.Debug|Any CPU.Build.0 = Debug|Any CPU
		{0CC210E6-480B-43B5-8793-9778A9E03F88}.Release|Any CPU.ActiveCfg = Release|Any CPU
		{0CC210E6-480B-43B5-8793-9778A9E03F88}.Release|Any CPU.Build.0 = Release|Any CPU
	EndGlobalSection
EndGlobal
