
Microsoft Visual Studio Solution File, Format Version 12.00
Project("{FAE04EC0-301F-11D3-BF4B-00C04F79EFBC}") = "ScreenSound", "ScreenSound\ScreenSound.csproj", "{480563E5-0AA6-4E8F-AF59-D36279852ACE}"
EndProject
Global
	GlobalSection(SolutionConfigurationPlatforms) = preSolution
		Debug|Any CPU = Debug|Any CPU
		Release|Any CPU = Release|Any CPU
	EndGlobalSection
	GlobalSection(ProjectConfigurationPlatforms) = postSolution
		{480563E5-0AA6-4E8F-AF59-D36279852ACE}.Debug|Any CPU.ActiveCfg = Debug|Any CPU
		{480563E5-0AA6-4E8F-AF59-D36279852ACE}.Debug|Any CPU.Build.0 = Debug|Any CPU
		{480563E5-0AA6-4E8F-AF59-D36279852ACE}.Release|Any CPU.ActiveCfg = Release|Any CPU
		{480563E5-0AA6-4E8F-AF59-D36279852ACE}.Release|Any CPU.Build.0 = Release|Any CPU
	EndGlobalSection
EndGlobal
