
Microsoft Visual Studio Solution File, Format Version 12.00
Project("{FAE04EC0-301F-11D3-BF4B-00C04F79EFBC}") = "Monitoramento", "Monitoramento\Monitoramento.csproj", "{B9687A29-5910-4A14-A8D5-4125D4EC3896}"
EndProject
Global
	GlobalSection(SolutionConfigurationPlatforms) = preSolution
		Debug|Any CPU = Debug|Any CPU
		Release|Any CPU = Release|Any CPU
	EndGlobalSection
	GlobalSection(ProjectConfigurationPlatforms) = postSolution
		{B9687A29-5910-4A14-A8D5-4125D4EC3896}.Debug|Any CPU.ActiveCfg = Debug|Any CPU
		{B9687A29-5910-4A14-A8D5-4125D4EC3896}.Debug|Any CPU.Build.0 = Debug|Any CPU
		{B9687A29-5910-4A14-A8D5-4125D4EC3896}.Release|Any CPU.ActiveCfg = Release|Any CPU
		{B9687A29-5910-4A14-A8D5-4125D4EC3896}.Release|Any CPU.Build.0 = Release|Any CPU
	EndGlobalSection
EndGlobal
