
Microsoft Visual Studio Solution File, Format Version 12.00
Project("{FAE04EC0-301F-11D3-BF4B-00C04F79EFBC}") = "Escola", "Escola\Escola.csproj", "{395C4776-08F3-4A8D-9FD7-63EEF78E6590}"
EndProject
Global
	GlobalSection(SolutionConfigurationPlatforms) = preSolution
		Debug|Any CPU = Debug|Any CPU
		Release|Any CPU = Release|Any CPU
	EndGlobalSection
	GlobalSection(ProjectConfigurationPlatforms) = postSolution
		{395C4776-08F3-4A8D-9FD7-63EEF78E6590}.Debug|Any CPU.ActiveCfg = Debug|Any CPU
		{395C4776-08F3-4A8D-9FD7-63EEF78E6590}.Debug|Any CPU.Build.0 = Debug|Any CPU
		{395C4776-08F3-4A8D-9FD7-63EEF78E6590}.Release|Any CPU.ActiveCfg = Release|Any CPU
		{395C4776-08F3-4A8D-9FD7-63EEF78E6590}.Release|Any CPU.Build.0 = Release|Any CPU
	EndGlobalSection
EndGlobal
