
Microsoft Visual Studio Solution File, Format Version 12.00
Project("{FAE04EC0-301F-11D3-BF4B-00C04F79EFBC}") = "Streaming", "Streaming\Streaming.csproj", "{5DFB2FED-EB06-43A8-B54B-719BD6BDEF90}"
EndProject
Global
	GlobalSection(SolutionConfigurationPlatforms) = preSolution
		Debug|Any CPU = Debug|Any CPU
		Release|Any CPU = Release|Any CPU
	EndGlobalSection
	GlobalSection(ProjectConfigurationPlatforms) = postSolution
		{5DFB2FED-EB06-43A8-B54B-719BD6BDEF90}.Debug|Any CPU.ActiveCfg = Debug|Any CPU
		{5DFB2FED-EB06-43A8-B54B-719BD6BDEF90}.Debug|Any CPU.Build.0 = Debug|Any CPU
		{5DFB2FED-EB06-43A8-B54B-719BD6BDEF90}.Release|Any CPU.ActiveCfg = Release|Any CPU
		{5DFB2FED-EB06-43A8-B54B-719BD6BDEF90}.Release|Any CPU.Build.0 = Release|Any CPU
	EndGlobalSection
EndGlobal
