
Microsoft Visual Studio Solution File, Format Version 12.00
Project("{FAE04EC0-301F-11D3-BF4B-00C04F79EFBC}") = "Aula14", "Aula14\Aula14.csproj", "{DB38067F-82DE-4ACB-93CF-E88141F0EDE8}"
EndProject
Global
	GlobalSection(SolutionConfigurationPlatforms) = preSolution
		Debug|Any CPU = Debug|Any CPU
		Release|Any CPU = Release|Any CPU
	EndGlobalSection
	GlobalSection(ProjectConfigurationPlatforms) = postSolution
		{DB38067F-82DE-4ACB-93CF-E88141F0EDE8}.Debug|Any CPU.ActiveCfg = Debug|Any CPU
		{DB38067F-82DE-4ACB-93CF-E88141F0EDE8}.Debug|Any CPU.Build.0 = Debug|Any CPU
		{DB38067F-82DE-4ACB-93CF-E88141F0EDE8}.Release|Any CPU.ActiveCfg = Release|Any CPU
		{DB38067F-82DE-4ACB-93CF-E88141F0EDE8}.Release|Any CPU.Build.0 = Release|Any CPU
	EndGlobalSection
EndGlobal
