
Microsoft Visual Studio Solution File, Format Version 12.00
Project("{FAE04EC0-301F-11D3-BF4B-00C04F79EFBC}") = "CriandoUmaWebAPI", "CriandoUmaWebAPI\CriandoUmaWebAPI.csproj", "{33B55910-4BCB-4707-9BB0-9D7BEB2E7278}"
EndProject
Global
	GlobalSection(SolutionConfigurationPlatforms) = preSolution
		Debug|Any CPU = Debug|Any CPU
		Release|Any CPU = Release|Any CPU
	EndGlobalSection
	GlobalSection(ProjectConfigurationPlatforms) = postSolution
		{33B55910-4BCB-4707-9BB0-9D7BEB2E7278}.Debug|Any CPU.ActiveCfg = Debug|Any CPU
		{33B55910-4BCB-4707-9BB0-9D7BEB2E7278}.Debug|Any CPU.Build.0 = Debug|Any CPU
		{33B55910-4BCB-4707-9BB0-9D7BEB2E7278}.Release|Any CPU.ActiveCfg = Release|Any CPU
		{33B55910-4BCB-4707-9BB0-9D7BEB2E7278}.Release|Any CPU.Build.0 = Release|Any CPU
	EndGlobalSection
EndGlobal
