
Microsoft Visual Studio Solution File, Format Version 12.00
Project("{FAE04EC0-301F-11D3-BF4B-00C04F79EFBC}") = "Aula08", "Aula08\Aula08.csproj", "{6C95A704-C25F-4213-AEE1-5CDE7941BF95}"
EndProject
Global
	GlobalSection(SolutionConfigurationPlatforms) = preSolution
		Debug|Any CPU = Debug|Any CPU
		Release|Any CPU = Release|Any CPU
	EndGlobalSection
	GlobalSection(ProjectConfigurationPlatforms) = postSolution
		{6C95A704-C25F-4213-AEE1-5CDE7941BF95}.Debug|Any CPU.ActiveCfg = Debug|Any CPU
		{6C95A704-C25F-4213-AEE1-5CDE7941BF95}.Debug|Any CPU.Build.0 = Debug|Any CPU
		{6C95A704-C25F-4213-AEE1-5CDE7941BF95}.Release|Any CPU.ActiveCfg = Release|Any CPU
		{6C95A704-C25F-4213-AEE1-5CDE7941BF95}.Release|Any CPU.Build.0 = Release|Any CPU
	EndGlobalSection
EndGlobal
