
Microsoft Visual Studio Solution File, Format Version 12.00
Project("{FAE04EC0-301F-11D3-BF4B-00C04F79EFBC}") = "Banco2", "Banco2\Banco2.csproj", "{6B31EB58-D6E2-42A2-AF2A-0F7AEEA5A01F}"
EndProject
Global
	GlobalSection(SolutionConfigurationPlatforms) = preSolution
		Debug|Any CPU = Debug|Any CPU
		Release|Any CPU = Release|Any CPU
	EndGlobalSection
	GlobalSection(ProjectConfigurationPlatforms) = postSolution
		{6B31EB58-D6E2-42A2-AF2A-0F7AEEA5A01F}.Debug|Any CPU.ActiveCfg = Debug|Any CPU
		{6B31EB58-D6E2-42A2-AF2A-0F7AEEA5A01F}.Debug|Any CPU.Build.0 = Debug|Any CPU
		{6B31EB58-D6E2-42A2-AF2A-0F7AEEA5A01F}.Release|Any CPU.ActiveCfg = Release|Any CPU
		{6B31EB58-D6E2-42A2-AF2A-0F7AEEA5A01F}.Release|Any CPU.Build.0 = Release|Any CPU
	EndGlobalSection
EndGlobal
