
Microsoft Visual Studio Solution File, Format Version 12.00
Project("{FAE04EC0-301F-11D3-BF4B-00C04F79EFBC}") = "Aula01", "Aula01\Aula01.csproj", "{DC9267AC-ABE8-4101-B27F-8A9C5DCE181C}"
EndProject
Global
	GlobalSection(SolutionConfigurationPlatforms) = preSolution
		Debug|Any CPU = Debug|Any CPU
		Release|Any CPU = Release|Any CPU
	EndGlobalSection
	GlobalSection(ProjectConfigurationPlatforms) = postSolution
		{DC9267AC-ABE8-4101-B27F-8A9C5DCE181C}.Debug|Any CPU.ActiveCfg = Debug|Any CPU
		{DC9267AC-ABE8-4101-B27F-8A9C5DCE181C}.Debug|Any CPU.Build.0 = Debug|Any CPU
		{DC9267AC-ABE8-4101-B27F-8A9C5DCE181C}.Release|Any CPU.ActiveCfg = Release|Any CPU
		{DC9267AC-ABE8-4101-B27F-8A9C5DCE181C}.Release|Any CPU.Build.0 = Release|Any CPU
	EndGlobalSection
EndGlobal
