
Microsoft Visual Studio Solution File, Format Version 12.00
Project("{FAE04EC0-301F-11D3-BF4B-00C04F79EFBC}") = "LojaVirtual", "LojaVirtual\LojaVirtual.csproj", "{4EACD83D-D69B-4E65-9637-F365E263A1CC}"
EndProject
Global
	GlobalSection(SolutionConfigurationPlatforms) = preSolution
		Debug|Any CPU = Debug|Any CPU
		Release|Any CPU = Release|Any CPU
	EndGlobalSection
	GlobalSection(ProjectConfigurationPlatforms) = postSolution
		{4EACD83D-D69B-4E65-9637-F365E263A1CC}.Debug|Any CPU.ActiveCfg = Debug|Any CPU
		{4EACD83D-D69B-4E65-9637-F365E263A1CC}.Debug|Any CPU.Build.0 = Debug|Any CPU
		{4EACD83D-D69B-4E65-9637-F365E263A1CC}.Release|Any CPU.ActiveCfg = Release|Any CPU
		{4EACD83D-D69B-4E65-9637-F365E263A1CC}.Release|Any CPU.Build.0 = Release|Any CPU
	EndGlobalSection
EndGlobal
