
Microsoft Visual Studio Solution File, Format Version 12.00
Project("{FAE04EC0-301F-11D3-BF4B-00C04F79EFBC}") = "Aula11", "Aula11\Aula11.csproj", "{F5DD74B2-E204-4974-B7B6-A49C6D09419E}"
EndProject
Global
	GlobalSection(SolutionConfigurationPlatforms) = preSolution
		Debug|Any CPU = Debug|Any CPU
		Release|Any CPU = Release|Any CPU
	EndGlobalSection
	GlobalSection(ProjectConfigurationPlatforms) = postSolution
		{F5DD74B2-E204-4974-B7B6-A49C6D09419E}.Debug|Any CPU.ActiveCfg = Debug|Any CPU
		{F5DD74B2-E204-4974-B7B6-A49C6D09419E}.Debug|Any CPU.Build.0 = Debug|Any CPU
		{F5DD74B2-E204-4974-B7B6-A49C6D09419E}.Release|Any CPU.ActiveCfg = Release|Any CPU
		{F5DD74B2-E204-4974-B7B6-A49C6D09419E}.Release|Any CPU.Build.0 = Release|Any CPU
	EndGlobalSection
EndGlobal
