
Microsoft Visual Studio Solution File, Format Version 12.00
Project("{FAE04EC0-301F-11D3-BF4B-00C04F79EFBC}") = "TarefasInternas", "TarefasInternas\TarefasInternas.csproj", "{97340753-5207-40C4-8D47-B298A6B9DD73}"
EndProject
Global
	GlobalSection(SolutionConfigurationPlatforms) = preSolution
		Debug|Any CPU = Debug|Any CPU
		Release|Any CPU = Release|Any CPU
	EndGlobalSection
	GlobalSection(ProjectConfigurationPlatforms) = postSolution
		{97340753-5207-40C4-8D47-B298A6B9DD73}.Debug|Any CPU.ActiveCfg = Debug|Any CPU
		{97340753-5207-40C4-8D47-B298A6B9DD73}.Debug|Any CPU.Build.0 = Debug|Any CPU
		{97340753-5207-40C4-8D47-B298A6B9DD73}.Release|Any CPU.ActiveCfg = Release|Any CPU
		{97340753-5207-40C4-8D47-B298A6B9DD73}.Release|Any CPU.Build.0 = Release|Any CPU
	EndGlobalSection
EndGlobal
