
Microsoft Visual Studio Solution File, Format Version 12.00
Project("{FAE04EC0-301F-11D3-BF4B-00C04F79EFBC}") = "Aula03", "Aula03\Aula03.csproj", "{23166564-B4EA-4B5C-97AD-016A368BC4DF}"
EndProject
Global
	GlobalSection(SolutionConfigurationPlatforms) = preSolution
		Debug|Any CPU = Debug|Any CPU
		Release|Any CPU = Release|Any CPU
	EndGlobalSection
	GlobalSection(ProjectConfigurationPlatforms) = postSolution
		{23166564-B4EA-4B5C-97AD-016A368BC4DF}.Debug|Any CPU.ActiveCfg = Debug|Any CPU
		{23166564-B4EA-4B5C-97AD-016A368BC4DF}.Debug|Any CPU.Build.0 = Debug|Any CPU
		{23166564-B4EA-4B5C-97AD-016A368BC4DF}.Release|Any CPU.ActiveCfg = Release|Any CPU
		{23166564-B4EA-4B5C-97AD-016A368BC4DF}.Release|Any CPU.Build.0 = Release|Any CPU
	EndGlobalSection
EndGlobal
